
Microsoft Visual Studio Solution File, Format Version 12.00
# Visual Studio Version 17
VisualStudioVersion = 17.0.31903.59
MinimumVisualStudioVersion = 10.0.40219.1
Project("{9A19103F-16F7-4668-BE54-9A1E7A4F7556}") = "Engi.Substrate", "engi-substrate\Engi.Substrate.csproj", "{6F586A0B-3E57-48F9-B6FB-B58584A17322}"
EndProject
Project("{9A19103F-16F7-4668-BE54-9A1E7A4F7556}") = "Engi.Substrate.Tests", "engi-tests\Engi.Substrate.Tests.csproj", "{E33D33D3-91BD-494B-B7BA-5D42879DCA4A}"
EndProject
Project("{9A19103F-16F7-4668-BE54-9A1E7A4F7556}") = "Engi.Substrate.Server", "engi-server\Engi.Substrate.Server.csproj", "{4D672AC3-4278-4B5E-AE7C-3B3906AAF310}"
EndProject
Project("{9A19103F-16F7-4668-BE54-9A1E7A4F7556}") = "Engi.Substrate.Playground", "engi-playground\Engi.Substrate.Playground.csproj", "{2172AB5B-3FE9-4AF8-A491-D9F156073482}"
EndProject
Project("{9A19103F-16F7-4668-BE54-9A1E7A4F7556}") = "LibGit2Sharp", "libgit2sharp\LibGit2Sharp\LibGit2Sharp.csproj", "{A1C48E77-4C11-4A6A-AD1B-66379A01645A}"
EndProject
Global
	GlobalSection(SolutionConfigurationPlatforms) = preSolution
		Debug|Any CPU = Debug|Any CPU
		Debug|x64 = Debug|x64
		Release|Any CPU = Release|Any CPU
		Release|x64 = Release|x64
	EndGlobalSection
	GlobalSection(ProjectConfigurationPlatforms) = postSolution
		{6F586A0B-3E57-48F9-B6FB-B58584A17322}.Debug|Any CPU.ActiveCfg = Debug|Any CPU
		{6F586A0B-3E57-48F9-B6FB-B58584A17322}.Debug|Any CPU.Build.0 = Debug|Any CPU
		{6F586A0B-3E57-48F9-B6FB-B58584A17322}.Debug|x64.ActiveCfg = Debug|Any CPU
		{6F586A0B-3E57-48F9-B6FB-B58584A17322}.Debug|x64.Build.0 = Debug|Any CPU
		{6F586A0B-3E57-48F9-B6FB-B58584A17322}.Release|Any CPU.ActiveCfg = Release|Any CPU
		{6F586A0B-3E57-48F9-B6FB-B58584A17322}.Release|Any CPU.Build.0 = Release|Any CPU
		{6F586A0B-3E57-48F9-B6FB-B58584A17322}.Release|x64.ActiveCfg = Release|Any CPU
		{6F586A0B-3E57-48F9-B6FB-B58584A17322}.Release|x64.Build.0 = Release|Any CPU
		{E33D33D3-91BD-494B-B7BA-5D42879DCA4A}.Debug|Any CPU.ActiveCfg = Debug|Any CPU
		{E33D33D3-91BD-494B-B7BA-5D42879DCA4A}.Debug|Any CPU.Build.0 = Debug|Any CPU
		{E33D33D3-91BD-494B-B7BA-5D42879DCA4A}.Debug|x64.ActiveCfg = Debug|Any CPU
		{E33D33D3-91BD-494B-B7BA-5D42879DCA4A}.Debug|x64.Build.0 = Debug|Any CPU
		{E33D33D3-91BD-494B-B7BA-5D42879DCA4A}.Release|Any CPU.ActiveCfg = Release|Any CPU
		{E33D33D3-91BD-494B-B7BA-5D42879DCA4A}.Release|Any CPU.Build.0 = Release|Any CPU
		{E33D33D3-91BD-494B-B7BA-5D42879DCA4A}.Release|x64.ActiveCfg = Release|Any CPU
		{E33D33D3-91BD-494B-B7BA-5D42879DCA4A}.Release|x64.Build.0 = Release|Any CPU
		{4D672AC3-4278-4B5E-AE7C-3B3906AAF310}.Debug|Any CPU.ActiveCfg = Debug|Any CPU
		{4D672AC3-4278-4B5E-AE7C-3B3906AAF310}.Debug|Any CPU.Build.0 = Debug|Any CPU
		{4D672AC3-4278-4B5E-AE7C-3B3906AAF310}.Debug|x64.ActiveCfg = Debug|Any CPU
		{4D672AC3-4278-4B5E-AE7C-3B3906AAF310}.Debug|x64.Build.0 = Debug|Any CPU
		{4D672AC3-4278-4B5E-AE7C-3B3906AAF310}.Release|Any CPU.ActiveCfg = Release|Any CPU
		{4D672AC3-4278-4B5E-AE7C-3B3906AAF310}.Release|Any CPU.Build.0 = Release|Any CPU
		{4D672AC3-4278-4B5E-AE7C-3B3906AAF310}.Release|x64.ActiveCfg = Release|Any CPU
		{4D672AC3-4278-4B5E-AE7C-3B3906AAF310}.Release|x64.Build.0 = Release|Any CPU
		{2172AB5B-3FE9-4AF8-A491-D9F156073482}.Debug|Any CPU.ActiveCfg = Debug|Any CPU
		{2172AB5B-3FE9-4AF8-A491-D9F156073482}.Debug|Any CPU.Build.0 = Debug|Any CPU
		{2172AB5B-3FE9-4AF8-A491-D9F156073482}.Debug|x64.ActiveCfg = Debug|Any CPU
		{2172AB5B-3FE9-4AF8-A491-D9F156073482}.Debug|x64.Build.0 = Debug|Any CPU
		{2172AB5B-3FE9-4AF8-A491-D9F156073482}.Release|Any CPU.ActiveCfg = Release|Any CPU
		{2172AB5B-3FE9-4AF8-A491-D9F156073482}.Release|Any CPU.Build.0 = Release|Any CPU
		{2172AB5B-3FE9-4AF8-A491-D9F156073482}.Release|x64.ActiveCfg = Release|Any CPU
		{2172AB5B-3FE9-4AF8-A491-D9F156073482}.Release|x64.Build.0 = Release|Any CPU
		{A1C48E77-4C11-4A6A-AD1B-66379A01645A}.Debug|Any CPU.ActiveCfg = Debug|Any CPU
		{A1C48E77-4C11-4A6A-AD1B-66379A01645A}.Debug|Any CPU.Build.0 = Debug|Any CPU
		{A1C48E77-4C11-4A6A-AD1B-66379A01645A}.Debug|x64.ActiveCfg = Debug|Any CPU
		{A1C48E77-4C11-4A6A-AD1B-66379A01645A}.Debug|x64.Build.0 = Debug|Any CPU
		{A1C48E77-4C11-4A6A-AD1B-66379A01645A}.Release|Any CPU.ActiveCfg = Release|Any CPU
		{A1C48E77-4C11-4A6A-AD1B-66379A01645A}.Release|Any CPU.Build.0 = Release|Any CPU
		{A1C48E77-4C11-4A6A-AD1B-66379A01645A}.Release|x64.ActiveCfg = Release|Any CPU
		{A1C48E77-4C11-4A6A-AD1B-66379A01645A}.Release|x64.Build.0 = Release|Any CPU
	EndGlobalSection
	GlobalSection(SolutionProperties) = preSolution
		HideSolutionNode = FALSE
	EndGlobalSection
	GlobalSection(ExtensibilityGlobals) = postSolution
		SolutionGuid = {5BD27C0F-843E-4BE2-8121-FE8815AC69D9}
	EndGlobalSection
EndGlobal
