# THIS IS AN AUTOGENERATED FILE. DO NOT EDIT THIS FILE DIRECTLY.
# yarn lockfile v1


"@babel/runtime@^7.17.9":
  version "7.17.9"
  resolved "https://registry.yarnpkg.com/@babel/runtime/-/runtime-7.17.9.tgz#d19fbf802d01a8cb6cf053a64e472d42c434ba72"
  integrity sha512-lSiBBvodq29uShpWGNbgFdKYNiFDo5/HIYsaCEY9ff4sb10x9jizo2+pRrSyF4jKZCXqgzuqBOQKbUm90gQwJg==
  dependencies:
    regenerator-runtime "^0.13.4"

"@noble/hashes@1.0.0":
  version "1.0.0"
  resolved "https://registry.yarnpkg.com/@noble/hashes/-/hashes-1.0.0.tgz#d5e38bfbdaba174805a4e649f13be9a9ed3351ae"
  integrity sha512-DZVbtY62kc3kkBtMHqwCOfXrT/hnoORy5BJ4+HU1IR59X0KWAOqsfzQPcUl/lQLlG7qXbe/fZ3r/emxtAl+sqg==

"@noble/secp256k1@1.5.5":
  version "1.5.5"
  resolved "https://registry.yarnpkg.com/@noble/secp256k1/-/secp256k1-1.5.5.tgz#315ab5745509d1a8c8e90d0bdf59823ccf9bcfc3"
  integrity sha512-sZ1W6gQzYnu45wPrWx8D3kwI2/U29VYTx9OjbDAd7jwRItJ0cSTMPRL/C8AWZFn9kWFLQGqEXVEE86w4Z8LpIQ==

"@polkadot/keyring@^9.0.1":
  version "9.0.1"
  resolved "https://registry.yarnpkg.com/@polkadot/keyring/-/keyring-9.0.1.tgz#421a28bd5d4055706183b3396908773cc5f425f9"
  integrity sha512-i4C6TsqhhUpiKxaxD9+g3TWbgxDfWs5HP7oDfLtWNOzE7HJFh2oF/WYx8qgGTE7lYGHdsGUihld/VISnQDd97g==
  dependencies:
    "@babel/runtime" "^7.17.9"
    "@polkadot/util" "9.0.1"
    "@polkadot/util-crypto" "9.0.1"

"@polkadot/networks@9.0.1":
  version "9.0.1"
  resolved "https://registry.yarnpkg.com/@polkadot/networks/-/networks-9.0.1.tgz#6bb6af0a98f3c35f76427e533dfd5359387e7016"
  integrity sha512-jWunZIgA1ocYtF6WGWg3EsPQD19FJ/QCSjiyzHIqVZez8EgFSRQ1iqnawVLOJCd2UA319ZOzjLcuUt6QO0IqRQ==
  dependencies:
    "@babel/runtime" "^7.17.9"
    "@polkadot/util" "9.0.1"
    "@substrate/ss58-registry" "^1.17.0"

"@polkadot/util-crypto@9.0.1", "@polkadot/util-crypto@^9.0.1":
  version "9.0.1"
  resolved "https://registry.yarnpkg.com/@polkadot/util-crypto/-/util-crypto-9.0.1.tgz#4cfc867ebec1d593b351cf881e021364eff0c496"
  integrity sha512-HPze3+VHY899B6CXwyrgWNDqmjmhfYy6+l29giXLfT/kmaL5FodRPCO36BNTbGCITuVajDR9wdZ/LeLZdIb79w==
  dependencies:
    "@babel/runtime" "^7.17.9"
    "@noble/hashes" "1.0.0"
    "@noble/secp256k1" "1.5.5"
    "@polkadot/networks" "9.0.1"
    "@polkadot/util" "9.0.1"
    "@polkadot/wasm-crypto" "^6.0.1"
    "@polkadot/x-bigint" "9.0.1"
    "@polkadot/x-randomvalues" "9.0.1"
    "@scure/base" "1.0.0"
    ed2curve "^0.3.0"
    tweetnacl "^1.0.3"

"@polkadot/util@9.0.1", "@polkadot/util@^9.0.1":
  version "9.0.1"
  resolved "https://registry.yarnpkg.com/@polkadot/util/-/util-9.0.1.tgz#cedd3d44733df72245907eb13b86dafa32a52116"
  integrity sha512-MuiuAb0VcnNpBFpbXZ4v0roxEVSpfx3bDR9qR31XCYCUODDKXa04srFz2EXI0pov087mTprIUE+x9wIWkH9QUg==
  dependencies:
    "@babel/runtime" "^7.17.9"
    "@polkadot/x-bigint" "9.0.1"
    "@polkadot/x-global" "9.0.1"
    "@polkadot/x-textdecoder" "9.0.1"
    "@polkadot/x-textencoder" "9.0.1"
    "@types/bn.js" "^5.1.0"
    bn.js "^5.2.0"
    ip-regex "^4.3.0"

"@polkadot/wasm-crypto-asmjs@^6.0.1":
  version "6.0.1"
  resolved "https://registry.yarnpkg.com/@polkadot/wasm-crypto-asmjs/-/wasm-crypto-asmjs-6.0.1.tgz#64a5ac84d3e7e23a57429fb8932e51161644d536"
  integrity sha512-cSGsHBLfPW2nHztgZd+gisCoScA02jbAzwjop/b8xumQ2kq7yAed/K9G1lOQiofEKRetIJeqBzJyk0etopRORw==
  dependencies:
    "@babel/runtime" "^7.17.9"

"@polkadot/wasm-crypto-wasm@^6.0.1":
  version "6.0.1"
  resolved "https://registry.yarnpkg.com/@polkadot/wasm-crypto-wasm/-/wasm-crypto-wasm-6.0.1.tgz#d77033f184f46891411453d798a0d5f2e1129e88"
  integrity sha512-0r/QgOjIyw4U0mLk6Tm97Di92uxcSPjTo7dK6tdXo1PwYouhzO5IJnL/jNgma8dm5hQoBhk7rcErmkh8c1kLFQ==
  dependencies:
    "@babel/runtime" "^7.17.9"

"@polkadot/wasm-crypto@^6.0.1":
  version "6.0.1"
  resolved "https://registry.yarnpkg.com/@polkadot/wasm-crypto/-/wasm-crypto-6.0.1.tgz#47e79133446f7c3e1afd35be844ce0e793b56bee"
  integrity sha512-nW5DDrciHGbZbj0Xh7w0Bnh5exSJUw96Zux7RuGfXuoXXHZBcf0QiB4E2dcVh3d/NkF7PkB99FlkdQxQp4M0Rg==
  dependencies:
    "@babel/runtime" "^7.17.9"
    "@polkadot/wasm-crypto-asmjs" "^6.0.1"
    "@polkadot/wasm-crypto-wasm" "^6.0.1"

"@polkadot/x-bigint@9.0.1":
  version "9.0.1"
  resolved "https://registry.yarnpkg.com/@polkadot/x-bigint/-/x-bigint-9.0.1.tgz#8ce29cff85b0fcd088a3c1bc3dadc324afb66d88"
  integrity sha512-At+huOL4WYdNh8PHy7r94y5JpilphsPLEuyM+K3M/aE2R9G/2f0qTK9AjHeyNyeIrhw6Bc4uzO5K2Ka72HjS2g==
  dependencies:
    "@babel/runtime" "^7.17.9"
    "@polkadot/x-global" "9.0.1"

"@polkadot/x-global@9.0.1":
  version "9.0.1"
  resolved "https://registry.yarnpkg.com/@polkadot/x-global/-/x-global-9.0.1.tgz#3fb9a6c9b8a86af542c4a514c0af4ba895a5ed5f"
  integrity sha512-C4K3laEYWMlWc1fJFUC5Kd6gxSC0GIe/ajClPjiKf5cwCGkGgtkcB7uvpzvnMAdxYpXiUnMHbJB6X/QyV/VG+Q==
  dependencies:
    "@babel/runtime" "^7.17.9"

"@polkadot/x-randomvalues@9.0.1":
  version "9.0.1"
  resolved "https://registry.yarnpkg.com/@polkadot/x-randomvalues/-/x-randomvalues-9.0.1.tgz#0cbd65817dfd4af3f99d8a3e7d9a456797bc25d9"
  integrity sha512-F/1Eabzx9kWivSXA23SW5BzfjtDWqaNct+GkC5dlm2lg/iE2IRY2JIqoKKkfh1u1/3iQ5YfjA96NmD/swNAcew==
  dependencies:
    "@babel/runtime" "^7.17.9"
    "@polkadot/x-global" "9.0.1"

"@polkadot/x-textdecoder@9.0.1":
  version "9.0.1"
  resolved "https://registry.yarnpkg.com/@polkadot/x-textdecoder/-/x-textdecoder-9.0.1.tgz#dda6234550d770f34cbd12eb0ad9cf3efaf47dfe"
  integrity sha512-SudTQiluYIRO8EXF02kfWZGfsXrvJq4D2yURiIeIeWbrAShRUcQES7W01iGa5xvaHSW249eJ3fHbeDTNQd5B6Q==
  dependencies:
    "@babel/runtime" "^7.17.9"
    "@polkadot/x-global" "9.0.1"

"@polkadot/x-textencoder@9.0.1":
  version "9.0.1"
  resolved "https://registry.yarnpkg.com/@polkadot/x-textencoder/-/x-textencoder-9.0.1.tgz#4013a5160a542472d5bdd94fb5b28b32f7e0bc9f"
  integrity sha512-73LeTasA3iDJMCLQXZd21wzNjs1Xr2xNXW03Yja3OPLneGK6Zlqz77AAYcjhQd2dgSFoH2NQ1JvdffXT9y1sGA==
  dependencies:
    "@babel/runtime" "^7.17.9"
    "@polkadot/x-global" "9.0.1"

"@scure/base@1.0.0":
  version "1.0.0"
  resolved "https://registry.yarnpkg.com/@scure/base/-/base-1.0.0.tgz#109fb595021de285f05a7db6806f2f48296fcee7"
  integrity sha512-gIVaYhUsy+9s58m/ETjSJVKHhKTBMmcRb9cEV5/5dwvfDlfORjKrFsDeDHWRrm6RjcPvCLZFwGJjAjLj1gg4HA==

"@substrate/ss58-registry@^1.17.0":
  version "1.17.0"
  resolved "https://registry.yarnpkg.com/@substrate/ss58-registry/-/ss58-registry-1.17.0.tgz#a6a50dbef67da0114aff7cdae7c6eec685c5983b"
  integrity sha512-YdQOxCtEZLnYZFg/zSzfROYtvIs5+iLD7p/VHoll7AVEhrPAmxgF5ggMDB2Dass7dfwABVx7heATbPFNg95Q8w==

"@types/bn.js@^5.1.0":
  version "5.1.0"
  resolved "https://registry.yarnpkg.com/@types/bn.js/-/bn.js-5.1.0.tgz#32c5d271503a12653c62cf4d2b45e6eab8cebc68"
  integrity sha512-QSSVYj7pYFN49kW77o2s9xTCwZ8F2xLbjLLSEVh8D2F4JUhZtPAGOFLTD+ffqksBx/u4cE/KImFjyhqCjn/LIA==
  dependencies:
    "@types/node" "*"

"@types/node@*":
  version "17.0.26"
  resolved "https://registry.yarnpkg.com/@types/node/-/node-17.0.26.tgz#1bbff9b23ee5a64f87b4f30c0c854b112ee2e635"
  integrity sha512-z/FG/6DUO7pnze3AE3TBGIjGGKkvCcGcWINe1C7cADY8hKLJPDYpzsNE37uExQ4md5RFtTCvg+M8Mu1Enyeg2A==

bn.js@^5.2.0:
  version "5.2.0"
  resolved "https://registry.yarnpkg.com/bn.js/-/bn.js-5.2.0.tgz#358860674396c6997771a9d051fcc1b57d4ae002"
  integrity sha512-D7iWRBvnZE8ecXiLj/9wbxH7Tk79fAh8IHaTNq1RWRixsS02W+5qS+iE9yq6RYl0asXx5tw0bLhmT5pIfbSquw==

ed2curve@^0.3.0:
  version "0.3.0"
  resolved "https://registry.yarnpkg.com/ed2curve/-/ed2curve-0.3.0.tgz#322b575152a45305429d546b071823a93129a05d"
  integrity sha512-8w2fmmq3hv9rCrcI7g9hms2pMunQr1JINfcjwR9tAyZqhtyaMN991lF/ZfHfr5tzZQ8c7y7aBgZbjfbd0fjFwQ==
  dependencies:
    tweetnacl "1.x.x"

ip-regex@^4.3.0:
  version "4.3.0"
  resolved "https://registry.yarnpkg.com/ip-regex/-/ip-regex-4.3.0.tgz#687275ab0f57fa76978ff8f4dddc8a23d5990db5"
  integrity sha512-B9ZWJxHHOHUhUjCPrMpLD4xEq35bUTClHM1S6CBU5ixQnkZmwipwgc96vAd7AAGM9TGHvJR+Uss+/Ak6UphK+Q==

regenerator-runtime@^0.13.4:
  version "0.13.9"
  resolved "https://registry.yarnpkg.com/regenerator-runtime/-/regenerator-runtime-0.13.9.tgz#8925742a98ffd90814988d7566ad30ca3b263b52"
  integrity sha512-p3VT+cOEgxFsRRA9X4lkI1E+k2/CtnKtU4gcxyaCUreilL/vqI6CdZ3wxVUx3UOUg+gnUOQQcRI7BmSI656MYA==

tweetnacl@1.x.x, tweetnacl@^1.0.3:
  version "1.0.3"
  resolved "https://registry.yarnpkg.com/tweetnacl/-/tweetnacl-1.0.3.tgz#ac0af71680458d8a6378d0d0d050ab1407d35596"
  integrity sha512-6rt+RN7aOi1nGMyC4Xa5DdYiukl2UWCbcJft7YhxReBGQD7OAM8Pbxw6YMo4r2diNEA8FEmu32YOn9rhaiE5yw==
